// !$*UTF8*$!
{
	archiveVersion = 1;
	classes = {
	};
	objectVersion = 50;
	objects = {

/* Begin PBXBuildFile section */
		90E47BD39EE918193214D523 /* Pods_iOS_Code_Exercise_Telstra.framework in Frameworks */ = {isa = PBXBuildFile; fileRef = EABBCAC29FA0A74AE5D6BA81 /* Pods_iOS_Code_Exercise_Telstra.framework */; };
		EF0CE68C2457425700A4A03D /* detailsAPI.swift in Sources */ = {isa = PBXBuildFile; fileRef = EF0CE68B2457425700A4A03D /* detailsAPI.swift */; };
		EF4988C32456B6D800491657 /* AppDelegate.swift in Sources */ = {isa = PBXBuildFile; fileRef = EF4988C22456B6D800491657 /* AppDelegate.swift */; };
		EF4988C72456B6D800491657 /* ViewController.swift in Sources */ = {isa = PBXBuildFile; fileRef = EF4988C62456B6D800491657 /* ViewController.swift */; };
		EF4988CC2456B6DB00491657 /* Assets.xcassets in Resources */ = {isa = PBXBuildFile; fileRef = EF4988CB2456B6DB00491657 /* Assets.xcassets */; };
/* End PBXBuildFile section */

/* Begin PBXFileReference section */
		718130B5D63B923C5B9404B3 /* Pods-iOS_Code_Exercise_Telstra.debug.xcconfig */ = {isa = PBXFileReference; includeInIndex = 1; lastKnownFileType = text.xcconfig; name = "Pods-iOS_Code_Exercise_Telstra.debug.xcconfig"; path = "Target Support Files/Pods-iOS_Code_Exercise_Telstra/Pods-iOS_Code_Exercise_Telstra.debug.xcconfig"; sourceTree = "<group>"; };
		D81274D5321DB612764CD99D /* Pods-iOS_Code_Exercise_Telstra.release.xcconfig */ = {isa = PBXFileReference; includeInIndex = 1; lastKnownFileType = text.xcconfig; name = "Pods-iOS_Code_Exercise_Telstra.release.xcconfig"; path = "Target Support Files/Pods-iOS_Code_Exercise_Telstra/Pods-iOS_Code_Exercise_Telstra.release.xcconfig"; sourceTree = "<group>"; };
		EABBCAC29FA0A74AE5D6BA81 /* Pods_iOS_Code_Exercise_Telstra.framework */ = {isa = PBXFileReference; explicitFileType = wrapper.framework; includeInIndex = 0; path = Pods_iOS_Code_Exercise_Telstra.framework; sourceTree = BUILT_PRODUCTS_DIR; };
		EF0CE68B2457425700A4A03D /* detailsAPI.swift */ = {isa = PBXFileReference; lastKnownFileType = sourcecode.swift; path = detailsAPI.swift; sourceTree = "<group>"; };
		EF4988BF2456B6D800491657 /* iOS_Code_Exercise_Telstra.app */ = {isa = PBXFileReference; explicitFileType = wrapper.application; includeInIndex = 0; path = iOS_Code_Exercise_Telstra.app; sourceTree = BUILT_PRODUCTS_DIR; };
		EF4988C22456B6D800491657 /* AppDelegate.swift */ = {isa = PBXFileReference; lastKnownFileType = sourcecode.swift; path = AppDelegate.swift; sourceTree = "<group>"; };
		EF4988C62456B6D800491657 /* ViewController.swift */ = {isa = PBXFileReference; lastKnownFileType = sourcecode.swift; path = ViewController.swift; sourceTree = "<group>"; };
		EF4988CB2456B6DB00491657 /* Assets.xcassets */ = {isa = PBXFileReference; lastKnownFileType = folder.assetcatalog; path = Assets.xcassets; sourceTree = "<group>"; };
		EF4988D02456B6DB00491657 /* Info.plist */ = {isa = PBXFileReference; lastKnownFileType = text.plist.xml; path = Info.plist; sourceTree = "<group>"; };
/* End PBXFileReference section */

/* Begin PBXFrameworksBuildPhase section */
		EF4988BC2456B6D800491657 /* Frameworks */ = {
			isa = PBXFrameworksBuildPhase;
			buildActionMask = 2147483647;
			files = (
				90E47BD39EE918193214D523 /* Pods_iOS_Code_Exercise_Telstra.framework in Frameworks */,
			);
			runOnlyForDeploymentPostprocessing = 0;
		};
/* End PBXFrameworksBuildPhase section */

/* Begin PBXGroup section */
		1A679773EFD5E9D3946C45E7 /* Pods */ = {
			isa = PBXGroup;
			children = (
				718130B5D63B923C5B9404B3 /* Pods-iOS_Code_Exercise_Telstra.debug.xcconfig */,
				D81274D5321DB612764CD99D /* Pods-iOS_Code_Exercise_Telstra.release.xcconfig */,
			);
			name = Pods;
			path = Pods;
			sourceTree = "<group>";
		};
		46913CB03C9B819EF7516E3F /* Frameworks */ = {
			isa = PBXGroup;
			children = (
				EABBCAC29FA0A74AE5D6BA81 /* Pods_iOS_Code_Exercise_Telstra.framework */,
			);
			name = Frameworks;
			sourceTree = "<group>";
		};
		EF0CE68D24574EE400A4A03D /* ViewController */ = {
			isa = PBXGroup;
			children = (
				EF4988C62456B6D800491657 /* ViewController.swift */,
			);
			path = ViewController;
			sourceTree = "<group>";
		};
		EF3796172456EA67006F1F8D /* Model Class */ = {
			isa = PBXGroup;
			children = (
				EF0CE68B2457425700A4A03D /* detailsAPI.swift */,
			);
			path = "Model Class";
			sourceTree = "<group>";
		};
		EF4988B62456B6D800491657 = {
			isa = PBXGroup;
			children = (
				EF4988C12456B6D800491657 /* iOS_Code_Exercise_Telstra */,
				EF4988C02456B6D800491657 /* Products */,
				1A679773EFD5E9D3946C45E7 /* Pods */,
				46913CB03C9B819EF7516E3F /* Frameworks */,
			);
			sourceTree = "<group>";
		};
		EF4988C02456B6D800491657 /* Products */ = {
			isa = PBXGroup;
			children = (
				EF4988BF2456B6D800491657 /* iOS_Code_Exercise_Telstra.app */,
			);
			name = Products;
			sourceTree = "<group>";
		};
		EF4988C12456B6D800491657 /* iOS_Code_Exercise_Telstra */ = {
			isa = PBXGroup;
			children = (
				EF0CE68D24574EE400A4A03D /* ViewController */,
				EF3796172456EA67006F1F8D /* Model Class */,
				EF4988C22456B6D800491657 /* AppDelegate.swift */,
				EF4988CB2456B6DB00491657 /* Assets.xcassets */,
				EF4988D02456B6DB00491657 /* Info.plist */,
			);
			path = iOS_Code_Exercise_Telstra;
			sourceTree = "<group>";
		};
/* End PBXGroup section */

/* Begin PBXNativeTarget section */
		EF4988BE2456B6D800491657 /* iOS_Code_Exercise_Telstra */ = {
			isa = PBXNativeTarget;
			buildConfigurationList = EF4988D32456B6DB00491657 /* Build configuration list for PBXNativeTarget "iOS_Code_Exercise_Telstra" */;
			buildPhases = (
				56709BC5DC9B12DB7AF9DBF4 /* [CP] Check Pods Manifest.lock */,
				EF4988BB2456B6D800491657 /* Sources */,
				EF4988BC2456B6D800491657 /* Frameworks */,
				EF4988BD2456B6D800491657 /* Resources */,
				40B31672ADC5DDA6AE0D106E /* [CP] Embed Pods Frameworks */,
			);
			buildRules = (
			);
			dependencies = (
			);
			name = iOS_Code_Exercise_Telstra;
			productName = iOS_Code_Exercise_Telstra;
			productReference = EF4988BF2456B6D800491657 /* iOS_Code_Exercise_Telstra.app */;
			productType = "com.apple.product-type.application";
		};
/* End PBXNativeTarget section */

/* Begin PBXProject section */
		EF4988B72456B6D800491657 /* Project object */ = {
			isa = PBXProject;
			attributes = {
				LastSwiftUpdateCheck = 1140;
				LastUpgradeCheck = 1140;
				ORGANIZATIONNAME = "ANUJ KUMAR";
				TargetAttributes = {
					EF4988BE2456B6D800491657 = {
						CreatedOnToolsVersion = 11.4.1;
					};
				};
			};
			buildConfigurationList = EF4988BA2456B6D800491657 /* Build configuration list for PBXProject "iOS_Code_Exercise_Telstra" */;
			compatibilityVersion = "Xcode 9.3";
			developmentRegion = en;
			hasScannedForEncodings = 0;
			knownRegions = (
				en,
				Base,
			);
			mainGroup = EF4988B62456B6D800491657;
			productRefGroup = EF4988C02456B6D800491657 /* Products */;
			projectDirPath = "";
			projectRoot = "";
			targets = (
				EF4988BE2456B6D800491657 /* iOS_Code_Exercise_Telstra */,
			);
		};
/* End PBXProject section */

/* Begin PBXResourcesBuildPhase section */
		EF4988BD2456B6D800491657 /* Resources */ = {
			isa = PBXResourcesBuildPhase;
			buildActionMask = 2147483647;
			files = (
				EF4988CC2456B6DB00491657 /* Assets.xcassets in Resources */,
			);
			runOnlyForDeploymentPostprocessing = 0;
		};
/* End PBXResourcesBuildPhase section */

/* Begin PBXShellScriptBuildPhase section */
		40B31672ADC5DDA6AE0D106E /* [CP] Embed Pods Frameworks */ = {
			isa = PBXShellScriptBuildPhase;
			buildActionMask = 2147483647;
			files = (
			);
			inputFileListPaths = (
				"${PODS_ROOT}/Target Support Files/Pods-iOS_Code_Exercise_Telstra/Pods-iOS_Code_Exercise_Telstra-frameworks-${CONFIGURATION}-input-files.xcfilelist",
			);
			name = "[CP] Embed Pods Frameworks";
			outputFileListPaths = (
				"${PODS_ROOT}/Target Support Files/Pods-iOS_Code_Exercise_Telstra/Pods-iOS_Code_Exercise_Telstra-frameworks-${CONFIGURATION}-output-files.xcfilelist",
			);
			runOnlyForDeploymentPostprocessing = 0;
			shellPath = /bin/sh;
			shellScript = "\"${PODS_ROOT}/Target Support Files/Pods-iOS_Code_Exercise_Telstra/Pods-iOS_Code_Exercise_Telstra-frameworks.sh\"\n";
			showEnvVarsInLog = 0;
		};
		56709BC5DC9B12DB7AF9DBF4 /* [CP] Check Pods Manifest.lock */ = {
			isa = PBXShellScriptBuildPhase;
			buildActionMask = 2147483647;
			files = (
			);
			inputFileListPaths = (
			);
			inputPaths = (
				"${PODS_PODFILE_DIR_PATH}/Podfile.lock",
				"${PODS_ROOT}/Manifest.lock",
			);
			name = "[CP] Check Pods Manifest.lock";
			outputFileListPaths = (
			);
			outputPaths = (
				"$(DERIVED_FILE_DIR)/Pods-iOS_Code_Exercise_Telstra-checkManifestLockResult.txt",
			);
			runOnlyForDeploymentPostprocessing = 0;
			shellPath = /bin/sh;
			shellScript = "diff \"${PODS_PODFILE_DIR_PATH}/Podfile.lock\" \"${PODS_ROOT}/Manifest.lock\" > /dev/null\nif [ $? != 0 ] ; then\n    # print error to STDERR\n    echo \"error: The sandbox is not in sync with the Podfile.lock. Run 'pod install' or update your CocoaPods installation.\" >&2\n    exit 1\nfi\n# This output is used by Xcode 'outputs' to avoid re-running this script phase.\necho \"SUCCESS\" > \"${SCRIPT_OUTPUT_FILE_0}\"\n";
			showEnvVarsInLog = 0;
		};
/* End PBXShellScriptBuildPhase section */

/* Begin PBXSourcesBuildPhase section */
		EF4988BB2456B6D800491657 /* Sources */ = {
			isa = PBXSourcesBuildPhase;
			buildActionMask = 2147483647;
			files = (
				EF0CE68C2457425700A4A03D /* detailsAPI.swift in Sources */,
				EF4988C72456B6D800491657 /* ViewController.swift in Sources */,
				EF4988C32456B6D800491657 /* AppDelegate.swift in Sources */,
			);
			runOnlyForDeploymentPostprocessing = 0;
		};
/* End PBXSourcesBuildPhase section */

/* Begin XCBuildConfiguration section */
		EF4988D12456B6DB00491657 /* Debug */ = {
			isa = XCBuildConfiguration;
			buildSettings = {
				ALWAYS_SEARCH_USER_PATHS = NO;
				CLANG_ANALYZER_NONNULL = YES;
				CLANG_ANALYZER_NUMBER_OBJECT_CONVERSION = YES_AGGRESSIVE;
				CLANG_CXX_LANGUAGE_STANDARD = "gnu++14";
				CLANG_CXX_LIBRARY = "libc++";
				CLANG_ENABLE_MODULES = YES;
				CLANG_ENABLE_OBJC_ARC = YES;
				CLANG_ENABLE_OBJC_WEAK = YES;
				CLANG_WARN_BLOCK_CAPTURE_AUTORELEASING = YES;
				CLANG_WARN_BOOL_CONVERSION = YES;
				CLANG_WARN_COMMA = YES;
				CLANG_WARN_CONSTANT_CONVERSION = YES;
				CLANG_WARN_DEPRECATED_OBJC_IMPLEMENTATIONS = YES;
				CLANG_WARN_DIRECT_OBJC_ISA_USAGE = YES_ERROR;
				CLANG_WARN_DOCUMENTATION_COMMENTS = YES;
				CLANG_WARN_EMPTY_BODY = YES;
				CLANG_WARN_ENUM_CONVERSION = YES;
				CLANG_WARN_INFINITE_RECURSION = YES;
				CLANG_WARN_INT_CONVERSION = YES;
				CLANG_WARN_NON_LITERAL_NULL_CONVERSION = YES;
				CLANG_WARN_OBJC_IMPLICIT_RETAIN_SELF = YES;
				CLANG_WARN_OBJC_LITERAL_CONVERSION = YES;
				CLANG_WARN_OBJC_ROOT_CLASS = YES_ERROR;
				CLANG_WARN_RANGE_LOOP_ANALYSIS = YES;
				CLANG_WARN_STRICT_PROTOTYPES = YES;
				CLANG_WARN_SUSPICIOUS_MOVE = YES;
				CLANG_WARN_UNGUARDED_AVAILABILITY = YES_AGGRESSIVE;
				CLANG_WARN_UNREACHABLE_CODE = YES;
				CLANG_WARN__DUPLICATE_METHOD_MATCH = YES;
				COPY_PHASE_STRIP = NO;
				DEBUG_INFORMATION_FORMAT = dwarf;
				ENABLE_STRICT_OBJC_MSGSEND = YES;
				ENABLE_TESTABILITY = YES;
				GCC_C_LANGUAGE_STANDARD = gnu11;
				GCC_DYNAMIC_NO_PIC = NO;
				GCC_NO_COMMON_BLOCKS = YES;
				GCC_OPTIMIZATION_LEVEL = 0;
				GCC_PREPROCESSOR_DEFINITIONS = (
					"DEBUG=1",
					"$(inherited)",
				);
				GCC_WARN_64_TO_32_BIT_CONVERSION = YES;
				GCC_WARN_ABOUT_RETURN_TYPE = YES_ERROR;
				GCC_WARN_UNDECLARED_SELECTOR = YES;
				GCC_WARN_UNINITIALIZED_AUTOS = YES_AGGRESSIVE;
				GCC_WARN_UNUSED_FUNCTION = YES;
				GCC_WARN_UNUSED_VARIABLE = YES;
				IPHONEOS_DEPLOYMENT_TARGET = 13.4;
				MTL_ENABLE_DEBUG_INFO = INCLUDE_SOURCE;
				MTL_FAST_MATH = YES;
				ONLY_ACTIVE_ARCH = YES;
				SDKROOT = iphoneos;
				SWIFT_ACTIVE_COMPILATION_CONDITIONS = DEBUG;
				SWIFT_OPTIMIZATION_LEVEL = "-Onone";
			};
			name = Debug;
		};
		EF4988D22456B6DB00491657 /* Release */ = {
			isa = XCBuildConfiguration;
			buildSettings = {
				ALWAYS_SEARCH_USER_PATHS = NO;
				CLANG_ANALYZER_NONNULL = YES;
				CLANG_ANALYZER_NUMBER_OBJECT_CONVERSION = YES_AGGRESSIVE;
				CLANG_CXX_LANGUAGE_STANDARD = "gnu++14";
				CLANG_CXX_LIBRARY = "libc++";
				CLANG_ENABLE_MODULES = YES;
				CLANG_ENABLE_OBJC_ARC = YES;
				CLANG_ENABLE_OBJC_WEAK = YES;
				CLANG_WARN_BLOCK_CAPTURE_AUTORELEASING = YES;
				CLANG_WARN_BOOL_CONVERSION = YES;
				CLANG_WARN_COMMA = YES;
				CLANG_WARN_CONSTANT_CONVERSION = YES;
				CLANG_WARN_DEPRECATED_OBJC_IMPLEMENTATIONS = YES;
				CLANG_WARN_DIRECT_OBJC_ISA_USAGE = YES_ERROR;
				CLANG_WARN_DOCUMENTATION_COMMENTS = YES;
				CLANG_WARN_EMPTY_BODY = YES;
				CLANG_WARN_ENUM_CONVERSION = YES;
				CLANG_WARN_INFINITE_RECURSION = YES;
				CLANG_WARN_INT_CONVERSION = YES;
				CLANG_WARN_NON_LITERAL_NULL_CONVERSION = YES;
				CLANG_WARN_OBJC_IMPLICIT_RETAIN_SELF = YES;
				CLANG_WARN_OBJC_LITERAL_CONVERSION = YES;
				CLANG_WARN_OBJC_ROOT_CLASS = YES_ERROR;
				CLANG_WARN_RANGE_LOOP_ANALYSIS = YES;
				CLANG_WARN_STRICT_PROTOTYPES = YES;
				CLANG_WARN_SUSPICIOUS_MOVE = YES;
				CLANG_WARN_UNGUARDED_AVAILABILITY = YES_AGGRESSIVE;
				CLANG_WARN_UNREACHABLE_CODE = YES;
				CLANG_WARN__DUPLICATE_METHOD_MATCH = YES;
				COPY_PHASE_STRIP = NO;
				DEBUG_INFORMATION_FORMAT = "dwarf-with-dsym";
				ENABLE_NS_ASSERTIONS = NO;
				ENABLE_STRICT_OBJC_MSGSEND = YES;
				GCC_C_LANGUAGE_STANDARD = gnu11;
				GCC_NO_COMMON_BLOCKS = YES;
				GCC_WARN_64_TO_32_BIT_CONVERSION = YES;
				GCC_WARN_ABOUT_RETURN_TYPE = YES_ERROR;
				GCC_WARN_UNDECLARED_SELECTOR = YES;
				GCC_WARN_UNINITIALIZED_AUTOS = YES_AGGRESSIVE;
				GCC_WARN_UNUSED_FUNCTION = YES;
				GCC_WARN_UNUSED_VARIABLE = YES;
				IPHONEOS_DEPLOYMENT_TARGET = 13.4;
				MTL_ENABLE_DEBUG_INFO = NO;
				MTL_FAST_MATH = YES;
				SDKROOT = iphoneos;
				SWIFT_COMPILATION_MODE = wholemodule;
				SWIFT_OPTIMIZATION_LEVEL = "-O";
				VALIDATE_PRODUCT = YES;
			};
			name = Release;
		};
		EF4988D42456B6DB00491657 /* Debug */ = {
			isa = XCBuildConfiguration;
			baseConfigurationReference = 718130B5D63B923C5B9404B3 /* Pods-iOS_Code_Exercise_Telstra.debug.xcconfig */;
			buildSettings = {
				ASSETCATALOG_COMPILER_APPICON_NAME = AppIcon;
				CODE_SIGN_STYLE = Automatic;
				INFOPLIST_FILE = iOS_Code_Exercise_Telstra/Info.plist;
				IPHONEOS_DEPLOYMENT_TARGET = 12.0;
				LD_RUNPATH_SEARCH_PATHS = (
					"$(inherited)",
					"@executable_path/Frameworks",
				);
				PRODUCT_BUNDLE_IDENTIFIER = "TechMahindra.com.iOS-Code-Exercise-Telstra";
				PRODUCT_NAME = "$(TARGET_NAME)";
				SWIFT_VERSION = 5.0;
				TARGETED_DEVICE_FAMILY = "1,2";
			};
			name = Debug;
		};
		EF4988D52456B6DB00491657 /* Release */ = {
			isa = XCBuildConfiguration;
			baseConfigurationReference = D81274D5321DB612764CD99D /* Pods-iOS_Code_Exercise_Telstra.release.xcconfig */;
			buildSettings = {
				ASSETCATALOG_COMPILER_APPICON_NAME = AppIcon;
				CODE_SIGN_STYLE = Automatic;
				INFOPLIST_FILE = iOS_Code_Exercise_Telstra/Info.plist;
				IPHONEOS_DEPLOYMENT_TARGET = 12.0;
				LD_RUNPATH_SEARCH_PATHS = (
					"$(inherited)",
					"@executable_path/Frameworks",
				);
				PRODUCT_BUNDLE_IDENTIFIER = "TechMahindra.com.iOS-Code-Exercise-Telstra";
				PRODUCT_NAME = "$(TARGET_NAME)";
				SWIFT_VERSION = 5.0;
				TARGETED_DEVICE_FAMILY = "1,2";
			};
			name = Release;
		};
/* End XCBuildConfiguration section */

/* Begin XCConfigurationList section */
		EF4988BA2456B6D800491657 /* Build configuration list for PBXProject "iOS_Code_Exercise_Telstra" */ = {
			isa = XCConfigurationList;
			buildConfigurations = (
				EF4988D12456B6DB00491657 /* Debug */,
				EF4988D22456B6DB00491657 /* Release */,
			);
			defaultConfigurationIsVisible = 0;
			defaultConfigurationName = Release;
		};
		EF4988D32456B6DB00491657 /* Build configuration list for PBXNativeTarget "iOS_Code_Exercise_Telstra" */ = {
			isa = XCConfigurationList;
			buildConfigurations = (
				EF4988D42456B6DB00491657 /* Debug */,
				EF4988D52456B6DB00491657 /* Release */,
			);
			defaultConfigurationIsVisible = 0;
			defaultConfigurationName = Release;
		};
/* End XCConfigurationList section */
	};
	rootObject = EF4988B72456B6D800491657 /* Project object */;
}
